
Microsoft Visual Studio Solution File, Format Version 12.00
# Visual Studio Version 17
VisualStudioVersion = 17.2.32526.322
MinimumVisualStudioVersion = 10.0.40219.1
Project("{FAE04EC0-301F-11D3-BF4B-00C04F79EFBC}") = "databaseExtract", "databaseExtract\databaseExtract.csproj", "{912E7CA9-B1E0-4190-A165-C7E8D966B1F0}"
EndProject
Project("{FAE04EC0-301F-11D3-BF4B-00C04F79EFBC}") = "threading", "threading\threading.csproj", "{52203440-3F38-432F-917A-0B85A8544D71}"
EndProject
Global
	GlobalSection(SolutionConfigurationPlatforms) = preSolution
		Debug|Any CPU = Debug|Any CPU
		Release|Any CPU = Release|Any CPU
	EndGlobalSection
	GlobalSection(ProjectConfigurationPlatforms) = postSolution
		{912E7CA9-B1E0-4190-A165-C7E8D966B1F0}.Debug|Any CPU.ActiveCfg = Debug|Any CPU
		{912E7CA9-B1E0-4190-A165-C7E8D966B1F0}.Debug|Any CPU.Build.0 = Debug|Any CPU
		{912E7CA9-B1E0-4190-A165-C7E8D966B1F0}.Release|Any CPU.ActiveCfg = Release|Any CPU
		{912E7CA9-B1E0-4190-A165-C7E8D966B1F0}.Release|Any CPU.Build.0 = Release|Any CPU
		{52203440-3F38-432F-917A-0B85A8544D71}.Debug|Any CPU.ActiveCfg = Debug|Any CPU
		{52203440-3F38-432F-917A-0B85A8544D71}.Debug|Any CPU.Build.0 = Debug|Any CPU
		{52203440-3F38-432F-917A-0B85A8544D71}.Release|Any CPU.ActiveCfg = Release|Any CPU
		{52203440-3F38-432F-917A-0B85A8544D71}.Release|Any CPU.Build.0 = Release|Any CPU
	EndGlobalSection
	GlobalSection(SolutionProperties) = preSolution
		HideSolutionNode = FALSE
	EndGlobalSection
	GlobalSection(ExtensibilityGlobals) = postSolution
		SolutionGuid = {3F806CCD-1272-44AD-8DB4-C83F31A789AE}
	EndGlobalSection
EndGlobal
